{
  "name": "mylittlediscordbot",
  "version": "1.0.0",
  "lockfileVersion": 1,
  "requires": true,
  "dependencies": {
    "discord.js": {
      "version": "12.2.0",
      "requires": {
        "@discordjs/collection": "^0.1.5",
        "@discordjs/form-data": "^3.0.1",
        "abort-controller": "^3.0.0",
        "node-fetch": "^2.6.0",
        "prism-media": "^1.2.0",
        "setimmediate": "^1.0.5",
        "tweetnacl": "^1.0.3",
        "ws": "^7.2.1"
      },
      "dependencies": {
        "@discordjs/collection": {
          "version": "0.1.5",
          "bundled": true
        },
        "@discordjs/form-data": {
          "version": "3.0.1",
          "bundled": true,
          "requires": {
            "asynckit": "^0.4.0",
            "combined-stream": "^1.0.8",
            "mime-types": "^2.1.12"
          }
        },
        "abort-controller": {
          "version": "3.0.0",
          "bundled": true,
          "requires": {
            "event-target-shim": "^5.0.0"
          }
        },
        "asynckit": {
          "version": "0.4.0",
          "bundled": true
        },
        "combined-stream": {
          "version": "1.0.8",
          "bundled": true,
          "requires": {
            "delayed-stream": "~1.0.0"
          }
        },
        "delayed-stream": {
          "version": "1.0.0",
          "bundled": true
        },
        "event-target-shim": {
          "version": "5.0.1",
          "bundled": true
        },
        "mime-db": {
          "version": "1.44.0",
          "bundled": true
        },
        "mime-types": {
          "version": "2.1.27",
          "bundled": true,
          "requires": {
            "mime-db": "1.44.0"
          }
        },
        "node-fetch": {
          "version": "2.6.0",
          "bundled": true
        },
        "prism-media": {
          "version": "1.2.2",
          "bundled": true
        },
        "setimmediate": {
          "version": "1.0.5",
          "bundled": true
        },
        "tweetnacl": {
          "version": "1.0.3",
          "bundled": true
        },
        "ws": {
          "version": "7.3.0",
          "bundled": true
        }
      }
    },
    "dotenv": {
      "version": "8.2.0"
    },
    "env": {
      "version": "0.0.2"
    },
    "express": {
      "version": "4.17.1",
      "requires": {
        "accepts": "~1.3.7",
        "array-flatten": "1.1.1",
        "body-parser": "1.19.0",
        "content-disposition": "0.5.3",
        "content-type": "~1.0.4",
        "cookie": "0.4.0",
        "cookie-signature": "1.0.6",
        "debug": "2.6.9",
        "depd": "~1.1.2",
        "encodeurl": "~1.0.2",
        "escape-html": "~1.0.3",
        "etag": "~1.8.1",
        "finalhandler": "~1.1.2",
        "fresh": "0.5.2",
        "merge-descriptors": "1.0.1",
        "methods": "~1.1.2",
        "on-finished": "~2.3.0",
        "parseurl": "~1.3.3",
        "path-to-regexp": "0.1.7",
        "proxy-addr": "~2.0.5",
        "qs": "6.7.0",
        "range-parser": "~1.2.1",
        "safe-buffer": "5.1.2",
        "send": "0.17.1",
        "serve-static": "1.14.1",
        "setprototypeof": "1.1.1",
        "statuses": "~1.5.0",
        "type-is": "~1.6.18",
        "utils-merge": "1.0.1",
        "vary": "~1.1.2"
      },
      "dependencies": {
        "accepts": {
          "version": "1.3.7",
          "bundled": true,
          "requires": {
            "mime-types": "~2.1.24",
            "negotiator": "0.6.2"
          }
        },
        "array-flatten": {
          "version": "1.1.1",
          "bundled": true
        },
        "body-parser": {
          "version": "1.19.0",
          "bundled": true,
          "requires": {
            "bytes": "3.1.0",
            "content-type": "~1.0.4",
            "debug": "2.6.9",
            "depd": "~1.1.2",
            "http-errors": "1.7.2",
            "iconv-lite": "0.4.24",
            "on-finished": "~2.3.0",
            "qs": "6.7.0",
            "raw-body": "2.4.0",
            "type-is": "~1.6.17"
          }
        },
        "bytes": {
          "version": "3.1.0",
          "bundled": true
        },
        "content-disposition": {
          "version": "0.5.3",
          "bundled": true,
          "requires": {
            "safe-buffer": "5.1.2"
          }
        },
        "content-type": {
          "version": "1.0.4",
          "bundled": true
        },
        "cookie": {
          "version": "0.4.0",
          "bundled": true
        },
        "cookie-signature": {
          "version": "1.0.6",
          "bundled": true
        },
        "debug": {
          "version": "2.6.9",
          "bundled": true,
          "requires": {
            "ms": "2.0.0"
          }
        },
        "depd": {
          "version": "1.1.2",
          "bundled": true
        },
        "destroy": {
          "version": "1.0.4",
          "bundled": true
        },
        "ee-first": {
          "version": "1.1.1",
          "bundled": true
        },
        "encodeurl": {
          "version": "1.0.2",
          "bundled": true
        },
        "escape-html": {
          "version": "1.0.3",
          "bundled": true
        },
        "etag": {
          "version": "1.8.1",
          "bundled": true
        },
        "finalhandler": {
          "version": "1.1.2",
          "bundled": true,
          "requires": {
            "debug": "2.6.9",
            "encodeurl": "~1.0.2",
            "escape-html": "~1.0.3",
            "on-finished": "~2.3.0",
            "parseurl": "~1.3.3",
            "statuses": "~1.5.0",
            "unpipe": "~1.0.0"
          }
        },
        "forwarded": {
          "version": "0.1.2",
          "bundled": true
        },
        "fresh": {
          "version": "0.5.2",
          "bundled": true
        },
        "http-errors": {
          "version": "1.7.2",
          "bundled": true,
          "requires": {
            "depd": "~1.1.2",
            "inherits": "2.0.3",
            "setprototypeof": "1.1.1",
            "statuses": ">= 1.5.0 < 2",
            "toidentifier": "1.0.0"
          }
        },
        "iconv-lite": {
          "version": "0.4.24",
          "bundled": true,
          "requires": {
            "safer-buffer": ">= 2.1.2 < 3"
          }
        },
        "inherits": {
          "version": "2.0.3",
          "bundled": true
        },
        "ipaddr.js": {
          "version": "1.9.1",
          "bundled": true
        },
        "media-typer": {
          "version": "0.3.0",
          "bundled": true
        },
        "merge-descriptors": {
          "version": "1.0.1",
          "bundled": true
        },
        "methods": {
          "version": "1.1.2",
          "bundled": true
        },
        "mime": {
          "version": "1.6.0",
          "bundled": true
        },
        "mime-db": {
          "version": "1.44.0",
          "bundled": true
        },
        "mime-types": {
          "version": "2.1.27",
          "bundled": true,
          "requires": {
            "mime-db": "1.44.0"
          }
        },
        "ms": {
          "version": "2.0.0",
          "bundled": true
        },
        "negotiator": {
          "version": "0.6.2",
          "bundled": true
        },
        "on-finished": {
          "version": "2.3.0",
          "bundled": true,
          "requires": {
            "ee-first": "1.1.1"
          }
        },
        "parseurl": {
          "version": "1.3.3",
          "bundled": true
        },
        "path-to-regexp": {
          "version": "0.1.7",
          "bundled": true
        },
        "proxy-addr": {
          "version": "2.0.6",
          "bundled": true,
          "requires": {
            "forwarded": "~0.1.2",
            "ipaddr.js": "1.9.1"
          }
        },
        "qs": {
          "version": "6.7.0",
          "bundled": true
        },
        "range-parser": {
          "version": "1.2.1",
          "bundled": true
        },
        "raw-body": {
          "version": "2.4.0",
          "bundled": true,
          "requires": {
            "bytes": "3.1.0",
            "http-errors": "1.7.2",
            "iconv-lite": "0.4.24",
            "unpipe": "1.0.0"
          }
        },
        "safe-buffer": {
          "version": "5.1.2",
          "bundled": true
        },
        "safer-buffer": {
          "version": "2.1.2",
          "bundled": true
        },
        "send": {
          "version": "0.17.1",
          "bundled": true,
          "requires": {
            "debug": "2.6.9",
            "depd": "~1.1.2",
            "destroy": "~1.0.4",
            "encodeurl": "~1.0.2",
            "escape-html": "~1.0.3",
            "etag": "~1.8.1",
            "fresh": "0.5.2",
            "http-errors": "~1.7.2",
            "mime": "1.6.0",
            "ms": "2.1.1",
            "on-finished": "~2.3.0",
            "range-parser": "~1.2.1",
            "statuses": "~1.5.0"
          },
          "dependencies": {
            "ms": {
              "version": "2.1.1",
              "resolved": "https://registry.npmjs.org/ms/-/ms-2.1.1.tgz",
              "integrity": "sha512-tgp+dl5cGk28utYktBsrFqA7HKgrhgPsg6Z/EfhWI4gl1Hwq8B/GmY/0oXZ6nF8hDVesS/FpnYaD/kOWhYQvyg=="
            }
          }
        },
        "serve-static": {
          "version": "1.14.1",
          "bundled": true,
          "requires": {
            "encodeurl": "~1.0.2",
            "escape-html": "~1.0.3",
            "parseurl": "~1.3.3",
            "send": "0.17.1"
          }
        },
        "setprototypeof": {
          "version": "1.1.1",
          "bundled": true
        },
        "statuses": {
          "version": "1.5.0",
          "bundled": true
        },
        "toidentifier": {
          "version": "1.0.0",
          "bundled": true
        },
        "type-is": {
          "version": "1.6.18",
          "bundled": true,
          "requires": {
            "media-typer": "0.3.0",
            "mime-types": "~2.1.24"
          }
        },
        "unpipe": {
          "version": "1.0.0",
          "bundled": true
        },
        "utils-merge": {
          "version": "1.0.1",
          "bundled": true
        },
        "vary": {
          "version": "1.1.2",
          "bundled": true
        }
      }
    },
    "fs": {
      "version": "0.0.1-security"
    },
    "node-fetch": {
      "version": "2.6.0",
      "resolved": "https://registry.npmjs.org/node-fetch/-/node-fetch-2.6.0.tgz",
      "integrity": "sha512-8dG4H5ujfvFiqDmVu9fQ5bOHUC15JMjMY/Zumv26oOvvVJjM67KF8koCWIabKQ1GJIa9r2mMZscBq/TbdOcmNA=="
    },
    "nodemon": {
      "version": "2.0.4",
      "requires": {
        "chokidar": "^3.2.2",
        "debug": "^3.2.6",
        "ignore-by-default": "^1.0.1",
        "minimatch": "^3.0.4",
        "pstree.remy": "^1.1.7",
        "semver": "^5.7.1",
        "supports-color": "^5.5.0",
        "touch": "^3.1.0",
        "undefsafe": "^2.0.2",
        "update-notifier": "^4.0.0"
      },
      "dependencies": {
        "@sindresorhus/is": {
          "version": "0.14.0",
          "bundled": true
        },
        "@szmarczak/http-timer": {
          "version": "1.1.2",
          "bundled": true,
          "requires": {
            "defer-to-connect": "^1.0.1"
          }
        },
        "@types/color-name": {
          "version": "1.1.1",
          "bundled": true
        },
        "abbrev": {
          "version": "1.1.1",
          "bundled": true
        },
        "ansi-align": {
          "version": "3.0.0",
          "bundled": true,
          "requires": {
            "string-width": "^3.0.0"
          },
          "dependencies": {
            "string-width": {
              "version": "3.1.0",
              "resolved": "https://registry.npmjs.org/string-width/-/string-width-3.1.0.tgz",
              "integrity": "sha512-vafcv6KjVZKSgz06oM/H6GDBrAtz8vdhQakGjFIvNrHA6y3HCF1CInLy+QLq8dTJPQ1b+KDUqDFctkdRW44e1w==",
              "requires": {
                "emoji-regex": "^7.0.1",
                "is-fullwidth-code-point": "^2.0.0",
                "strip-ansi": "^5.1.0"
              }
            }
          }
        },
        "ansi-regex": {
          "version": "4.1.0",
          "bundled": true
        },
        "ansi-styles": {
          "version": "4.2.1",
          "bundled": true,
          "requires": {
            "@types/color-name": "^1.1.1",
            "color-convert": "^2.0.1"
          }
        },
        "anymatch": {
          "version": "3.1.1",
          "bundled": true,
          "requires": {
            "normalize-path": "^3.0.0",
            "picomatch": "^2.0.4"
          }
        },
        "balanced-match": {
          "version": "1.0.0",
          "bundled": true
        },
        "binary-extensions": {
          "version": "2.0.0",
          "bundled": true
        },
        "boxen": {
          "version": "4.2.0",
          "bundled": true,
          "requires": {
            "ansi-align": "^3.0.0",
            "camelcase": "^5.3.1",
            "chalk": "^3.0.0",
            "cli-boxes": "^2.2.0",
            "string-width": "^4.1.0",
            "term-size": "^2.1.0",
            "type-fest": "^0.8.1",
            "widest-line": "^3.1.0"
          }
        },
        "brace-expansion": {
          "version": "1.1.11",
          "bundled": true,
          "requires": {
            "balanced-match": "^1.0.0",
            "concat-map": "0.0.1"
          }
        },
        "braces": {
          "version": "3.0.2",
          "bundled": true,
          "requires": {
            "fill-range": "^7.0.1"
          }
        },
        "cacheable-request": {
          "version": "6.1.0",
          "bundled": true,
          "requires": {
            "clone-response": "^1.0.2",
            "get-stream": "^5.1.0",
            "http-cache-semantics": "^4.0.0",
            "keyv": "^3.0.0",
            "lowercase-keys": "^2.0.0",
            "normalize-url": "^4.1.0",
            "responselike": "^1.0.2"
          },
          "dependencies": {
            "get-stream": {
              "version": "5.1.0",
              "resolved": "https://registry.npmjs.org/get-stream/-/get-stream-5.1.0.tgz",
              "integrity": "sha512-EXr1FOzrzTfGeL0gQdeFEvOMm2mzMOglyiOXSTpPC+iAjAKftbr3jpCMWynogwYnM+eSj9sHGc6wjIcDvYiygw==",
              "requires": {
                "pump": "^3.0.0"
              }
            },
            "lowercase-keys": {
              "version": "2.0.0",
              "resolved": "https://registry.npmjs.org/lowercase-keys/-/lowercase-keys-2.0.0.tgz",
              "integrity": "sha512-tqNXrS78oMOE73NMxK4EMLQsQowWf8jKooH9g7xPavRT706R6bkQJ6DY2Te7QukaZsulxa30wQ7bk0pm4XiHmA=="
            }
          }
        },
        "camelcase": {
          "version": "5.3.1",
          "bundled": true
        },
        "chalk": {
          "version": "3.0.0",
          "bundled": true,
          "requires": {
            "ansi-styles": "^4.1.0",
            "supports-color": "^7.1.0"
          },
          "dependencies": {
            "has-flag": {
              "version": "4.0.0",
              "resolved": "https://registry.npmjs.org/has-flag/-/has-flag-4.0.0.tgz",
              "integrity": "sha512-EykJT/Q1KjTWctppgIAgfSO0tKVuZUjhgMr17kqTumMl6Afv3EISleU7qZUzoXDFTAHTDC4NOoG/ZxU3EvlMPQ=="
            },
            "supports-color": {
              "version": "7.1.0",
              "resolved": "https://registry.npmjs.org/supports-color/-/supports-color-7.1.0.tgz",
              "integrity": "sha512-oRSIpR8pxT1Wr2FquTNnGet79b3BWljqOuoW/h4oBhxJ/HUbX5nX6JSruTkvXDCFMwDPvsaTTbvMLKZWSy0R5g==",
              "requires": {
                "has-flag": "^4.0.0"
              }
            }
          }
        },
        "chokidar": {
          "version": "3.4.0",
          "bundled": true,
          "requires": {
            "anymatch": "~3.1.1",
            "braces": "~3.0.2",
            "fsevents": "~2.1.2",
            "glob-parent": "~5.1.0",
            "is-binary-path": "~2.1.0",
            "is-glob": "~4.0.1",
            "normalize-path": "~3.0.0",
            "readdirp": "~3.4.0"
          }
        },
        "ci-info": {
          "version": "2.0.0",
          "bundled": true
        },
        "cli-boxes": {
          "version": "2.2.0",
          "bundled": true
        },
        "clone-response": {
          "version": "1.0.2",
          "bundled": true,
          "requires": {
            "mimic-response": "^1.0.0"
          }
        },
        "color-convert": {
          "version": "2.0.1",
          "bundled": true,
          "requires": {
            "color-name": "~1.1.4"
          }
        },
        "color-name": {
          "version": "1.1.4",
          "bundled": true
        },
        "concat-map": {
          "version": "0.0.1",
          "bundled": true
        },
        "configstore": {
          "version": "5.0.1",
          "bundled": true,
          "requires": {
            "dot-prop": "^5.2.0",
            "graceful-fs": "^4.1.2",
            "make-dir": "^3.0.0",
            "unique-string": "^2.0.0",
            "write-file-atomic": "^3.0.0",
            "xdg-basedir": "^4.0.0"
          }
        },
        "crypto-random-string": {
          "version": "2.0.0",
          "bundled": true
        },
        "debug": {
          "version": "3.2.6",
          "bundled": true,
          "requires": {
            "ms": "^2.1.1"
          }
        },
        "decompress-response": {
          "version": "3.3.0",
          "bundled": true,
          "requires": {
            "mimic-response": "^1.0.0"
          }
        },
        "deep-extend": {
          "version": "0.6.0",
          "bundled": true
        },
        "defer-to-connect": {
          "version": "1.1.3",
          "bundled": true
        },
        "dot-prop": {
          "version": "5.2.0",
          "bundled": true,
          "requires": {
            "is-obj": "^2.0.0"
          }
        },
        "duplexer3": {
          "version": "0.1.4",
          "bundled": true
        },
        "emoji-regex": {
          "version": "7.0.3",
          "bundled": true
        },
        "end-of-stream": {
          "version": "1.4.4",
          "bundled": true,
          "requires": {
            "once": "^1.4.0"
          }
        },
        "escape-goat": {
          "version": "2.1.1",
          "bundled": true
        },
        "fill-range": {
          "version": "7.0.1",
          "bundled": true,
          "requires": {
            "to-regex-range": "^5.0.1"
          }
        },
        "fsevents": {
          "version": "2.1.3",
          "bundled": true,
          "optional": true
        },
        "get-stream": {
          "version": "4.1.0",
          "bundled": true,
          "requires": {
            "pump": "^3.0.0"
          }
        },
        "glob-parent": {
          "version": "5.1.1",
          "bundled": true,
          "requires": {
            "is-glob": "^4.0.1"
          }
        },
        "global-dirs": {
          "version": "2.0.1",
          "bundled": true,
          "requires": {
            "ini": "^1.3.5"
          }
        },
        "got": {
          "version": "9.6.0",
          "bundled": true,
          "requires": {
            "@sindresorhus/is": "^0.14.0",
            "@szmarczak/http-timer": "^1.1.2",
            "cacheable-request": "^6.0.0",
            "decompress-response": "^3.3.0",
            "duplexer3": "^0.1.4",
            "get-stream": "^4.1.0",
            "lowercase-keys": "^1.0.1",
            "mimic-response": "^1.0.1",
            "p-cancelable": "^1.0.0",
            "to-readable-stream": "^1.0.0",
            "url-parse-lax": "^3.0.0"
          }
        },
        "graceful-fs": {
          "version": "4.2.4",
          "bundled": true
        },
        "has-flag": {
          "version": "3.0.0",
          "bundled": true
        },
        "has-yarn": {
          "version": "2.1.0",
          "bundled": true
        },
        "http-cache-semantics": {
          "version": "4.1.0",
          "bundled": true
        },
        "ignore-by-default": {
          "version": "1.0.1",
          "bundled": true
        },
        "import-lazy": {
          "version": "2.1.0",
          "bundled": true
        },
        "imurmurhash": {
          "version": "0.1.4",
          "bundled": true
        },
        "ini": {
          "version": "1.3.5",
          "bundled": true
        },
        "is-binary-path": {
          "version": "2.1.0",
          "bundled": true,
          "requires": {
            "binary-extensions": "^2.0.0"
          }
        },
        "is-ci": {
          "version": "2.0.0",
          "bundled": true,
          "requires": {
            "ci-info": "^2.0.0"
          }
        },
        "is-extglob": {
          "version": "2.1.1",
          "bundled": true
        },
        "is-fullwidth-code-point": {
          "version": "2.0.0",
          "bundled": true
        },
        "is-glob": {
          "version": "4.0.1",
          "bundled": true,
          "requires": {
            "is-extglob": "^2.1.1"
          }
        },
        "is-installed-globally": {
          "version": "0.3.2",
          "bundled": true,
          "requires": {
            "global-dirs": "^2.0.1",
            "is-path-inside": "^3.0.1"
          }
        },
        "is-npm": {
          "version": "4.0.0",
          "bundled": true
        },
        "is-number": {
          "version": "7.0.0",
          "bundled": true
        },
        "is-obj": {
          "version": "2.0.0",
          "bundled": true
        },
        "is-path-inside": {
          "version": "3.0.2",
          "bundled": true
        },
        "is-typedarray": {
          "version": "1.0.0",
          "bundled": true
        },
        "is-yarn-global": {
          "version": "0.3.0",
          "bundled": true
        },
        "json-buffer": {
          "version": "3.0.0",
          "bundled": true
        },
        "keyv": {
          "version": "3.1.0",
          "bundled": true,
          "requires": {
            "json-buffer": "3.0.0"
          }
        },
        "latest-version": {
          "version": "5.1.0",
          "bundled": true,
          "requires": {
            "package-json": "^6.3.0"
          }
        },
        "lowercase-keys": {
          "version": "1.0.1",
          "bundled": true
        },
        "make-dir": {
          "version": "3.1.0",
          "bundled": true,
          "requires": {
            "semver": "^6.0.0"
          },
          "dependencies": {
            "semver": {
              "version": "6.3.0",
              "resolved": "https://registry.npmjs.org/semver/-/semver-6.3.0.tgz",
              "integrity": "sha512-b39TBaTSfV6yBrapU89p5fKekE2m/NwnDocOVruQFS1/veMgdzuPcnOM34M6CwxW8jH/lxEa5rBoDeUwu5HHTw=="
            }
          }
        },
        "mimic-response": {
          "version": "1.0.1",
          "bundled": true
        },
        "minimatch": {
          "version": "3.0.4",
          "bundled": true,
          "requires": {
            "brace-expansion": "^1.1.7"
          }
        },
        "minimist": {
          "version": "1.2.5",
          "bundled": true
        },
        "ms": {
          "version": "2.1.2",
          "bundled": true
        },
        "nopt": {
          "version": "1.0.10",
          "bundled": true,
          "requires": {
            "abbrev": "1"
          }
        },
        "normalize-path": {
          "version": "3.0.0",
          "bundled": true
        },
        "normalize-url": {
          "version": "4.5.0",
          "bundled": true
        },
        "once": {
          "version": "1.4.0",
          "bundled": true,
          "requires": {
            "wrappy": "1"
          }
        },
        "p-cancelable": {
          "version": "1.1.0",
          "bundled": true
        },
        "package-json": {
          "version": "6.5.0",
          "bundled": true,
          "requires": {
            "got": "^9.6.0",
            "registry-auth-token": "^4.0.0",
            "registry-url": "^5.0.0",
            "semver": "^6.2.0"
          },
          "dependencies": {
            "semver": {
              "version": "6.3.0",
              "resolved": "https://registry.npmjs.org/semver/-/semver-6.3.0.tgz",
              "integrity": "sha512-b39TBaTSfV6yBrapU89p5fKekE2m/NwnDocOVruQFS1/veMgdzuPcnOM34M6CwxW8jH/lxEa5rBoDeUwu5HHTw=="
            }
          }
        },
        "picomatch": {
          "version": "2.2.2",
          "bundled": true
        },
        "prepend-http": {
          "version": "2.0.0",
          "bundled": true
        },
        "pstree.remy": {
          "version": "1.1.8",
          "bundled": true
        },
        "pump": {
          "version": "3.0.0",
          "bundled": true,
          "requires": {
            "end-of-stream": "^1.1.0",
            "once": "^1.3.1"
          }
        },
        "pupa": {
          "version": "2.0.1",
          "bundled": true,
          "requires": {
            "escape-goat": "^2.0.0"
          }
        },
        "rc": {
          "version": "1.2.8",
          "bundled": true,
          "requires": {
            "deep-extend": "^0.6.0",
            "ini": "~1.3.0",
            "minimist": "^1.2.0",
            "strip-json-comments": "~2.0.1"
          }
        },
        "readdirp": {
          "version": "3.4.0",
          "bundled": true,
          "requires": {
            "picomatch": "^2.2.1"
          }
        },
        "registry-auth-token": {
          "version": "4.1.1",
          "bundled": true,
          "requires": {
            "rc": "^1.2.8"
          }
        },
        "registry-url": {
          "version": "5.1.0",
          "bundled": true,
          "requires": {
            "rc": "^1.2.8"
          }
        },
        "responselike": {
          "version": "1.0.2",
          "bundled": true,
          "requires": {
            "lowercase-keys": "^1.0.0"
          }
        },
        "semver": {
          "version": "5.7.1",
          "bundled": true
        },
        "semver-diff": {
          "version": "3.1.1",
          "bundled": true,
          "requires": {
            "semver": "^6.3.0"
          },
          "dependencies": {
            "semver": {
              "version": "6.3.0",
              "resolved": "https://registry.npmjs.org/semver/-/semver-6.3.0.tgz",
              "integrity": "sha512-b39TBaTSfV6yBrapU89p5fKekE2m/NwnDocOVruQFS1/veMgdzuPcnOM34M6CwxW8jH/lxEa5rBoDeUwu5HHTw=="
            }
          }
        },
        "signal-exit": {
          "version": "3.0.3",
          "bundled": true
        },
        "string-width": {
          "version": "4.2.0",
          "bundled": true,
          "requires": {
            "emoji-regex": "^8.0.0",
            "is-fullwidth-code-point": "^3.0.0",
            "strip-ansi": "^6.0.0"
          },
          "dependencies": {
            "ansi-regex": {
              "version": "5.0.0",
              "resolved": "https://registry.npmjs.org/ansi-regex/-/ansi-regex-5.0.0.tgz",
              "integrity": "sha512-bY6fj56OUQ0hU1KjFNDQuJFezqKdrAyFdIevADiqrWHwSlbmBNMHp5ak2f40Pm8JTFyM2mqxkG6ngkHO11f/lg=="
            },
            "emoji-regex": {
              "version": "8.0.0",
              "resolved": "https://registry.npmjs.org/emoji-regex/-/emoji-regex-8.0.0.tgz",
              "integrity": "sha512-MSjYzcWNOA0ewAHpz0MxpYFvwg6yjy1NG3xteoqz644VCo/RPgnr1/GGt+ic3iJTzQ8Eu3TdM14SawnVUmGE6A=="
            },
            "is-fullwidth-code-point": {
              "version": "3.0.0",
              "resolved": "https://registry.npmjs.org/is-fullwidth-code-point/-/is-fullwidth-code-point-3.0.0.tgz",
              "integrity": "sha512-zymm5+u+sCsSWyD9qNaejV3DFvhCKclKdizYaJUuHA83RLjb7nSuGnddCHGv0hk+KY7BMAlsWeK4Ueg6EV6XQg=="
            },
            "strip-ansi": {
              "version": "6.0.0",
              "resolved": "https://registry.npmjs.org/strip-ansi/-/strip-ansi-6.0.0.tgz",
              "integrity": "sha512-AuvKTrTfQNYNIctbR1K/YGTR1756GycPsg7b9bdV9Duqur4gv6aKqHXah67Z8ImS7WEz5QVcOtlfW2rZEugt6w==",
              "requires": {
                "ansi-regex": "^5.0.0"
              }
            }
          }
        },
        "strip-ansi": {
          "version": "5.2.0",
          "bundled": true,
          "requires": {
            "ansi-regex": "^4.1.0"
          }
        },
        "strip-json-comments": {
          "version": "2.0.1",
          "bundled": true
        },
        "supports-color": {
          "version": "5.5.0",
          "bundled": true,
          "requires": {
            "has-flag": "^3.0.0"
          }
        },
        "term-size": {
          "version": "2.2.0",
          "bundled": true
        },
        "to-readable-stream": {
          "version": "1.0.0",
          "bundled": true
        },
        "to-regex-range": {
          "version": "5.0.1",
          "bundled": true,
          "requires": {
            "is-number": "^7.0.0"
          }
        },
        "touch": {
          "version": "3.1.0",
          "bundled": true,
          "requires": {
            "nopt": "~1.0.10"
          }
        },
        "type-fest": {
          "version": "0.8.1",
          "bundled": true
        },
        "typedarray-to-buffer": {
          "version": "3.1.5",
          "bundled": true,
          "requires": {
            "is-typedarray": "^1.0.0"
          }
        },
        "undefsafe": {
          "version": "2.0.3",
          "bundled": true,
          "requires": {
            "debug": "^2.2.0"
          },
          "dependencies": {
            "debug": {
              "version": "2.6.9",
              "resolved": "https://registry.npmjs.org/debug/-/debug-2.6.9.tgz",
              "integrity": "sha512-bC7ElrdJaJnPbAP+1EotYvqZsb3ecl5wi6Bfi6BJTUcNowp6cvspg0jXznRTKDjm/E7AdgFBVeAPVMNcKGsHMA==",
              "requires": {
                "ms": "2.0.0"
              }
            },
            "ms": {
              "version": "2.0.0",
              "resolved": "https://registry.npmjs.org/ms/-/ms-2.0.0.tgz",
              "integrity": "sha1-VgiurfwAvmwpAd9fmGF4jeDVl8g="
            }
          }
        },
        "unique-string": {
          "version": "2.0.0",
          "bundled": true,
          "requires": {
            "crypto-random-string": "^2.0.0"
          }
        },
        "update-notifier": {
          "version": "4.1.0",
          "bundled": true,
          "requires": {
            "boxen": "^4.2.0",
            "chalk": "^3.0.0",
            "configstore": "^5.0.1",
            "has-yarn": "^2.1.0",
            "import-lazy": "^2.1.0",
            "is-ci": "^2.0.0",
            "is-installed-globally": "^0.3.1",
            "is-npm": "^4.0.0",
            "is-yarn-global": "^0.3.0",
            "latest-version": "^5.0.0",
            "pupa": "^2.0.1",
            "semver-diff": "^3.1.1",
            "xdg-basedir": "^4.0.0"
          }
        },
        "url-parse-lax": {
          "version": "3.0.0",
          "bundled": true,
          "requires": {
            "prepend-http": "^2.0.0"
          }
        },
        "widest-line": {
          "version": "3.1.0",
          "bundled": true,
          "requires": {
            "string-width": "^4.0.0"
          }
        },
        "wrappy": {
          "version": "1.0.2",
          "bundled": true
        },
        "write-file-atomic": {
          "version": "3.0.3",
          "bundled": true,
          "requires": {
            "imurmurhash": "^0.1.4",
            "is-typedarray": "^1.0.0",
            "signal-exit": "^3.0.2",
            "typedarray-to-buffer": "^3.1.5"
          }
        },
        "xdg-basedir": {
          "version": "4.0.0",
          "bundled": true
        }
      }
    }
  }
}
